
Microsoft Visual Studio Solution File, Format Version 12.00
# Visual Studio Version 17
VisualStudioVersion = 17.7.34202.233
MinimumVisualStudioVersion = 10.0.40219.1
Project("{9A19103F-16F7-4668-BE54-9A1E7A4F7556}") = "01_HelloWorld", "01_HelloWorld.csproj", "{9C231E30-87DD-4BCA-AAA5-47BAA9B6A976}"
EndProject
Project("{9A19103F-16F7-4668-BE54-9A1E7A4F7556}") = "02_HelloWorld", "..\02_HelloWorld\02_HelloWorld.csproj", "{8F5FFF43-6BF3-43E3-AD03-43161C6AC90F}"
EndProject
Project("{FAE04EC0-301F-11D3-BF4B-00C04F79EFBC}") = "03_Data", "..\03_Data\03_Data.csproj", "{171908B7-9D45-4AF4-B4FE-74C8CEAEBA40}"
EndProject
Global
	GlobalSection(SolutionConfigurationPlatforms) = preSolution
		Debug|Any CPU = Debug|Any CPU
		Release|Any CPU = Release|Any CPU
	EndGlobalSection
	GlobalSection(ProjectConfigurationPlatforms) = postSolution
		{9C231E30-87DD-4BCA-AAA5-47BAA9B6A976}.Debug|Any CPU.ActiveCfg = Debug|Any CPU
		{9C231E30-87DD-4BCA-AAA5-47BAA9B6A976}.Debug|Any CPU.Build.0 = Debug|Any CPU
		{9C231E30-87DD-4BCA-AAA5-47BAA9B6A976}.Release|Any CPU.ActiveCfg = Release|Any CPU
		{9C231E30-87DD-4BCA-AAA5-47BAA9B6A976}.Release|Any CPU.Build.0 = Release|Any CPU
		{8F5FFF43-6BF3-43E3-AD03-43161C6AC90F}.Debug|Any CPU.ActiveCfg = Debug|Any CPU
		{8F5FFF43-6BF3-43E3-AD03-43161C6AC90F}.Debug|Any CPU.Build.0 = Debug|Any CPU
		{8F5FFF43-6BF3-43E3-AD03-43161C6AC90F}.Release|Any CPU.ActiveCfg = Release|Any CPU
		{8F5FFF43-6BF3-43E3-AD03-43161C6AC90F}.Release|Any CPU.Build.0 = Release|Any CPU
		{171908B7-9D45-4AF4-B4FE-74C8CEAEBA40}.Debug|Any CPU.ActiveCfg = Debug|Any CPU
		{171908B7-9D45-4AF4-B4FE-74C8CEAEBA40}.Debug|Any CPU.Build.0 = Debug|Any CPU
		{171908B7-9D45-4AF4-B4FE-74C8CEAEBA40}.Release|Any CPU.ActiveCfg = Release|Any CPU
		{171908B7-9D45-4AF4-B4FE-74C8CEAEBA40}.Release|Any CPU.Build.0 = Release|Any CPU
	EndGlobalSection
	GlobalSection(SolutionProperties) = preSolution
		HideSolutionNode = FALSE
	EndGlobalSection
	GlobalSection(ExtensibilityGlobals) = postSolution
		SolutionGuid = {22506647-7283-4277-8857-84D16E87A82A}
	EndGlobalSection
EndGlobal
